
Microsoft Visual Studio Solution File, Format Version 12.00
# Visual Studio Version 17
VisualStudioVersion = 17.6.33723.286
MinimumVisualStudioVersion = 10.0.40219.1
Project("{FAE04EC0-301F-11D3-BF4B-00C04F79EFBC}") = "Graphics_Project", "Graphics_Project.csproj", "{DAB54B8B-B5B9-4405-9807-9829DEEFDAB9}"
EndProject
Global
	GlobalSection(SolutionConfigurationPlatforms) = preSolution
		Debug|Any CPU = Debug|Any CPU
		Release|Any CPU = Release|Any CPU
	EndGlobalSection
	GlobalSection(ProjectConfigurationPlatforms) = postSolution
		{DAB54B8B-B5B9-4405-9807-9829DEEFDAB9}.Debug|Any CPU.ActiveCfg = Debug|Any CPU
		{DAB54B8B-B5B9-4405-9807-9829DEEFDAB9}.Debug|Any CPU.Build.0 = Debug|Any CPU
		{DAB54B8B-B5B9-4405-9807-9829DEEFDAB9}.Release|Any CPU.ActiveCfg = Release|Any CPU
		{DAB54B8B-B5B9-4405-9807-9829DEEFDAB9}.Release|Any CPU.Build.0 = Release|Any CPU
	EndGlobalSection
	GlobalSection(SolutionProperties) = preSolution
		HideSolutionNode = FALSE
	EndGlobalSection
	GlobalSection(ExtensibilityGlobals) = postSolution
		SolutionGuid = {32FDABFB-E2FB-4E0A-9C90-03C0956B055B}
	EndGlobalSection
EndGlobal
